
Microsoft Visual Studio Solution File, Format Version 12.00
# Blend for Visual Studio Version 16
VisualStudioVersion = 16.0.30011.22
MinimumVisualStudioVersion = 10.0.40219.1
Project("{FAE04EC0-301F-11D3-BF4B-00C04F79EFBC}") = "Flipped-Win10", "Flipped-Win10.csproj", "{29FDEC75-A400-4F51-9146-758D6A4083D7}"
EndProject
Global
	GlobalSection(SolutionConfigurationPlatforms) = preSolution
		Debug|Any CPU = Debug|Any CPU
		Release|Any CPU = Release|Any CPU
	EndGlobalSection
	GlobalSection(ProjectConfigurationPlatforms) = postSolution
		{29FDEC75-A400-4F51-9146-758D6A4083D7}.Debug|Any CPU.ActiveCfg = Debug|Any CPU
		{29FDEC75-A400-4F51-9146-758D6A4083D7}.Debug|Any CPU.Build.0 = Debug|Any CPU
		{29FDEC75-A400-4F51-9146-758D6A4083D7}.Release|Any CPU.ActiveCfg = Release|Any CPU
		{29FDEC75-A400-4F51-9146-758D6A4083D7}.Release|Any CPU.Build.0 = Release|Any CPU
	EndGlobalSection
	GlobalSection(SolutionProperties) = preSolution
		HideSolutionNode = FALSE
	EndGlobalSection
	GlobalSection(ExtensibilityGlobals) = postSolution
		SolutionGuid = {89BDE3CD-7CF7-4EDC-8B1C-67F484CE7640}
	EndGlobalSection
EndGlobal
